
Microsoft Visual Studio Solution File, Format Version 12.00
# Visual Studio Version 17
VisualStudioVersion = 17.5.002.0
MinimumVisualStudioVersion = 10.0.40219.1
Project("{9A19103F-16F7-4668-BE54-9A1E7A4F7556}") = "AutomaticBroccoli.CLI", "AutomaticBroccoli.CLI\AutomaticBroccoli.CLI.csproj", "{060A075E-D520-4A2A-9EDF-7D04DC8F4F7A}"
EndProject
Project("{9A19103F-16F7-4668-BE54-9A1E7A4F7556}") = "AutomaticBroccoli.API", "AutomaticBroccoli.API\AutomaticBroccoli.API.csproj", "{64C34998-755D-4574-93BE-A48DBD4A0BA4}"
EndProject
Project("{9A19103F-16F7-4668-BE54-9A1E7A4F7556}") = "AutomaticBroccoli.DataAccess", "AutomaticBroccoli.DataAccess\AutomaticBroccoli.DataAccess.csproj", "{A8FCF63B-0DD6-4014-ADF6-09292A54DAEA}"
EndProject
Project("{FAE04EC0-301F-11D3-BF4B-00C04F79EFBC}") = "AutomaticBroccoli.UnitTests", "AutomaticBroccoli.UnitTests\AutomaticBroccoli.UnitTests.csproj", "{435525AA-1AEE-4A14-9BBA-4789D8FBED55}"
EndProject
Project("{FAE04EC0-301F-11D3-BF4B-00C04F79EFBC}") = "AutomaticBroccoli.IntegrationTests", "AutomaticBroccoli.IntegrationTests\AutomaticBroccoli.IntegrationTests.csproj", "{B9D598AF-B771-4A59-BE3D-3BDD82E8A9E6}"
EndProject
Global
	GlobalSection(SolutionConfigurationPlatforms) = preSolution
		Debug|Any CPU = Debug|Any CPU
		Release|Any CPU = Release|Any CPU
	EndGlobalSection
	GlobalSection(ProjectConfigurationPlatforms) = postSolution
		{060A075E-D520-4A2A-9EDF-7D04DC8F4F7A}.Debug|Any CPU.ActiveCfg = Debug|Any CPU
		{060A075E-D520-4A2A-9EDF-7D04DC8F4F7A}.Debug|Any CPU.Build.0 = Debug|Any CPU
		{060A075E-D520-4A2A-9EDF-7D04DC8F4F7A}.Release|Any CPU.ActiveCfg = Release|Any CPU
		{060A075E-D520-4A2A-9EDF-7D04DC8F4F7A}.Release|Any CPU.Build.0 = Release|Any CPU
		{64C34998-755D-4574-93BE-A48DBD4A0BA4}.Debug|Any CPU.ActiveCfg = Debug|Any CPU
		{64C34998-755D-4574-93BE-A48DBD4A0BA4}.Debug|Any CPU.Build.0 = Debug|Any CPU
		{64C34998-755D-4574-93BE-A48DBD4A0BA4}.Release|Any CPU.ActiveCfg = Release|Any CPU
		{64C34998-755D-4574-93BE-A48DBD4A0BA4}.Release|Any CPU.Build.0 = Release|Any CPU
		{A8FCF63B-0DD6-4014-ADF6-09292A54DAEA}.Debug|Any CPU.ActiveCfg = Debug|Any CPU
		{A8FCF63B-0DD6-4014-ADF6-09292A54DAEA}.Debug|Any CPU.Build.0 = Debug|Any CPU
		{A8FCF63B-0DD6-4014-ADF6-09292A54DAEA}.Release|Any CPU.ActiveCfg = Release|Any CPU
		{A8FCF63B-0DD6-4014-ADF6-09292A54DAEA}.Release|Any CPU.Build.0 = Release|Any CPU
		{435525AA-1AEE-4A14-9BBA-4789D8FBED55}.Debug|Any CPU.ActiveCfg = Debug|Any CPU
		{435525AA-1AEE-4A14-9BBA-4789D8FBED55}.Debug|Any CPU.Build.0 = Debug|Any CPU
		{435525AA-1AEE-4A14-9BBA-4789D8FBED55}.Release|Any CPU.ActiveCfg = Release|Any CPU
		{435525AA-1AEE-4A14-9BBA-4789D8FBED55}.Release|Any CPU.Build.0 = Release|Any CPU
		{B9D598AF-B771-4A59-BE3D-3BDD82E8A9E6}.Debug|Any CPU.ActiveCfg = Debug|Any CPU
		{B9D598AF-B771-4A59-BE3D-3BDD82E8A9E6}.Debug|Any CPU.Build.0 = Debug|Any CPU
		{B9D598AF-B771-4A59-BE3D-3BDD82E8A9E6}.Release|Any CPU.ActiveCfg = Release|Any CPU
		{B9D598AF-B771-4A59-BE3D-3BDD82E8A9E6}.Release|Any CPU.Build.0 = Release|Any CPU
	EndGlobalSection
	GlobalSection(SolutionProperties) = preSolution
		HideSolutionNode = FALSE
	EndGlobalSection
	GlobalSection(ExtensibilityGlobals) = postSolution
		SolutionGuid = {33871261-51CF-4C1D-A6D9-F0BC18251D86}
	EndGlobalSection
EndGlobal
